// !$*UTF8*$!
{
	archiveVersion = 1;
	classes = {
	};
	objectVersion = 45;
	objects = {

/* Begin PBXBuildFile section */
		28119B570E233CC200A8EB5B /* OpenCV.framework in Frameworks */ = {isa = PBXBuildFile; fileRef = 28119B560E233CC200A8EB5B /* OpenCV.framework */; };
		28119B780E233CD700A8EB5B /* JSMController.m in Sources */ = {isa = PBXBuildFile; fileRef = 28119B5F0E233CD700A8EB5B /* JSMController.m */; };
		28119B790E233CD700A8EB5B /* NSBitmapImageRep+JSMFaces.m in Sources */ = {isa = PBXBuildFile; fileRef = 28119B620E233CD700A8EB5B /* NSBitmapImageRep+JSMFaces.m */; };
		28119B7A0E233CD700A8EB5B /* NSImage+JSMFaces.m in Sources */ = {isa = PBXBuildFile; fileRef = 28119B640E233CD700A8EB5B /* NSImage+JSMFaces.m */; };
		28119B7B0E233CD700A8EB5B /* main.m in Sources */ = {isa = PBXBuildFile; fileRef = 28119B680E233CD700A8EB5B /* main.m */; };
		28119B7C0E233CD700A8EB5B /* InfoPlist.strings in Resources */ = {isa = PBXBuildFile; fileRef = 28119B6A0E233CD700A8EB5B /* InfoPlist.strings */; };
		28119B7D0E233CD700A8EB5B /* MainMenu.xib in Resources */ = {isa = PBXBuildFile; fileRef = 28119B6C0E233CD700A8EB5B /* MainMenu.xib */; };
		28119B7E0E233CD700A8EB5B /* haarcascade_frontalface_alt.xml in Resources */ = {isa = PBXBuildFile; fileRef = 28119B6F0E233CD700A8EB5B /* haarcascade_frontalface_alt.xml */; };
		28119B7F0E233CD700A8EB5B /* haarcascade_frontalface_alt2.xml in Resources */ = {isa = PBXBuildFile; fileRef = 28119B700E233CD700A8EB5B /* haarcascade_frontalface_alt2.xml */; };
		28119B800E233CD700A8EB5B /* haarcascade_frontalface_alt_tree.xml in Resources */ = {isa = PBXBuildFile; fileRef = 28119B710E233CD700A8EB5B /* haarcascade_frontalface_alt_tree.xml */; };
		28119B810E233CD700A8EB5B /* haarcascade_frontalface_default.xml in Resources */ = {isa = PBXBuildFile; fileRef = 28119B720E233CD700A8EB5B /* haarcascade_frontalface_default.xml */; };
		28119B820E233CD700A8EB5B /* haarcascade_fullbody.xml in Resources */ = {isa = PBXBuildFile; fileRef = 28119B730E233CD700A8EB5B /* haarcascade_fullbody.xml */; };
		28119B830E233CD700A8EB5B /* haarcascade_lowerbody.xml in Resources */ = {isa = PBXBuildFile; fileRef = 28119B740E233CD700A8EB5B /* haarcascade_lowerbody.xml */; };
		28119B840E233CD700A8EB5B /* haarcascade_profileface.xml in Resources */ = {isa = PBXBuildFile; fileRef = 28119B750E233CD700A8EB5B /* haarcascade_profileface.xml */; };
		28119B850E233CD700A8EB5B /* haarcascade_upperbody.xml in Resources */ = {isa = PBXBuildFile; fileRef = 28119B760E233CD700A8EB5B /* haarcascade_upperbody.xml */; };
		28119BCB0E233EC600A8EB5B /* OpenCV.framework in Frameworks */ = {isa = PBXBuildFile; fileRef = 28119B560E233CC200A8EB5B /* OpenCV.framework */; };
		282238FE0E235B64007A2705 /* RMMessage.mm in Sources */ = {isa = PBXBuildFile; fileRef = 282238FD0E235B64007A2705 /* RMMessage.mm */; };
		2822393A0E23611E007A2705 /* OpenCV.framework in Copy Frameworks */ = {isa = PBXBuildFile; fileRef = 28119B560E233CC200A8EB5B /* OpenCV.framework */; };
		8D11072F0486CEB800E47090 /* Cocoa.framework in Frameworks */ = {isa = PBXBuildFile; fileRef = 1058C7A1FEA54F0111CA2CBB /* Cocoa.framework */; };
/* End PBXBuildFile section */

/* Begin PBXCopyFilesBuildPhase section */
		288058A20E2273030060BD53 /* Copy Frameworks */ = {
			isa = PBXCopyFilesBuildPhase;
			buildActionMask = 2147483647;
			dstPath = "";
			dstSubfolderSpec = 10;
			files = (
				2822393A0E23611E007A2705 /* OpenCV.framework in Copy Frameworks */,
			);
			name = "Copy Frameworks";
			runOnlyForDeploymentPostprocessing = 0;
		};
/* End PBXCopyFilesBuildPhase section */

/* Begin PBXFileReference section */
		1058C7A1FEA54F0111CA2CBB /* Cocoa.framework */ = {isa = PBXFileReference; lastKnownFileType = wrapper.framework; name = Cocoa.framework; path = /System/Library/Frameworks/Cocoa.framework; sourceTree = "<absolute>"; };
		13E42FB307B3F0F600E4EEF1 /* CoreData.framework */ = {isa = PBXFileReference; lastKnownFileType = wrapper.framework; name = CoreData.framework; path = /System/Library/Frameworks/CoreData.framework; sourceTree = "<absolute>"; };
		28119B560E233CC200A8EB5B /* OpenCV.framework */ = {isa = PBXFileReference; lastKnownFileType = wrapper.framework; name = OpenCV.framework; path = Frameworks/OpenCV.framework; sourceTree = "<group>"; };
		28119B5E0E233CD700A8EB5B /* JSMController.h */ = {isa = PBXFileReference; fileEncoding = 4; lastKnownFileType = sourcecode.c.h; path = JSMController.h; sourceTree = "<group>"; };
		28119B5F0E233CD700A8EB5B /* JSMController.m */ = {isa = PBXFileReference; fileEncoding = 4; lastKnownFileType = sourcecode.c.objc; path = JSMController.m; sourceTree = "<group>"; };
		28119B610E233CD700A8EB5B /* NSBitmapImageRep+JSMFaces.h */ = {isa = PBXFileReference; fileEncoding = 4; lastKnownFileType = sourcecode.c.h; path = "NSBitmapImageRep+JSMFaces.h"; sourceTree = "<group>"; };
		28119B620E233CD700A8EB5B /* NSBitmapImageRep+JSMFaces.m */ = {isa = PBXFileReference; fileEncoding = 4; lastKnownFileType = sourcecode.c.objc; path = "NSBitmapImageRep+JSMFaces.m"; sourceTree = "<group>"; };
		28119B630E233CD700A8EB5B /* NSImage+JSMFaces.h */ = {isa = PBXFileReference; fileEncoding = 4; lastKnownFileType = sourcecode.c.h; path = "NSImage+JSMFaces.h"; sourceTree = "<group>"; };
		28119B640E233CD700A8EB5B /* NSImage+JSMFaces.m */ = {isa = PBXFileReference; fileEncoding = 4; lastKnownFileType = sourcecode.c.objc; path = "NSImage+JSMFaces.m"; sourceTree = "<group>"; };
		28119B670E233CD700A8EB5B /* Faces_Prefix.pch */ = {isa = PBXFileReference; fileEncoding = 4; lastKnownFileType = sourcecode.c.h; path = Faces_Prefix.pch; sourceTree = "<group>"; };
		28119B680E233CD700A8EB5B /* main.m */ = {isa = PBXFileReference; fileEncoding = 4; lastKnownFileType = sourcecode.c.objc; path = main.m; sourceTree = "<group>"; };
		28119B6B0E233CD700A8EB5B /* en */ = {isa = PBXFileReference; fileEncoding = 10; lastKnownFileType = text.plist.strings; name = en; path = en.lproj/InfoPlist.strings; sourceTree = "<group>"; };
		28119B6D0E233CD700A8EB5B /* en */ = {isa = PBXFileReference; lastKnownFileType = file.xib; name = en; path = en.lproj/MainMenu.xib; sourceTree = "<group>"; };
		28119B6F0E233CD700A8EB5B /* haarcascade_frontalface_alt.xml */ = {isa = PBXFileReference; fileEncoding = 4; lastKnownFileType = text.xml; path = haarcascade_frontalface_alt.xml; sourceTree = "<group>"; };
		28119B700E233CD700A8EB5B /* haarcascade_frontalface_alt2.xml */ = {isa = PBXFileReference; fileEncoding = 4; lastKnownFileType = text.xml; path = haarcascade_frontalface_alt2.xml; sourceTree = "<group>"; };
		28119B710E233CD700A8EB5B /* haarcascade_frontalface_alt_tree.xml */ = {isa = PBXFileReference; fileEncoding = 4; lastKnownFileType = text.xml; path = haarcascade_frontalface_alt_tree.xml; sourceTree = "<group>"; };
		28119B720E233CD700A8EB5B /* haarcascade_frontalface_default.xml */ = {isa = PBXFileReference; fileEncoding = 4; lastKnownFileType = text.xml; path = haarcascade_frontalface_default.xml; sourceTree = "<group>"; };
		28119B730E233CD700A8EB5B /* haarcascade_fullbody.xml */ = {isa = PBXFileReference; fileEncoding = 4; lastKnownFileType = text.xml; path = haarcascade_fullbody.xml; sourceTree = "<group>"; };
		28119B740E233CD700A8EB5B /* haarcascade_lowerbody.xml */ = {isa = PBXFileReference; fileEncoding = 4; lastKnownFileType = text.xml; path = haarcascade_lowerbody.xml; sourceTree = "<group>"; };
		28119B750E233CD700A8EB5B /* haarcascade_profileface.xml */ = {isa = PBXFileReference; fileEncoding = 4; lastKnownFileType = text.xml; path = haarcascade_profileface.xml; sourceTree = "<group>"; };
		28119B760E233CD700A8EB5B /* haarcascade_upperbody.xml */ = {isa = PBXFileReference; fileEncoding = 4; lastKnownFileType = text.xml; path = haarcascade_upperbody.xml; sourceTree = "<group>"; };
		28119B770E233CD700A8EB5B /* Info.plist */ = {isa = PBXFileReference; fileEncoding = 4; lastKnownFileType = text.plist.xml; path = Info.plist; sourceTree = "<group>"; };
		28119BB00E233D7900A8EB5B /* 10_4 Shared.xcconfig */ = {isa = PBXFileReference; fileEncoding = 4; lastKnownFileType = text.xcconfig; path = "10_4 Shared.xcconfig"; sourceTree = "<group>"; };
		28119BB10E233D7900A8EB5B /* 10_5 Shared.xcconfig */ = {isa = PBXFileReference; fileEncoding = 4; lastKnownFileType = text.xcconfig; path = "10_5 Shared.xcconfig"; sourceTree = "<group>"; };
		28119BB20E233D7900A8EB5B /* Cocoa Application Debug.xcconfig */ = {isa = PBXFileReference; fileEncoding = 4; lastKnownFileType = text.xcconfig; path = "Cocoa Application Debug.xcconfig"; sourceTree = "<group>"; };
		28119BB30E233D7900A8EB5B /* Cocoa Application Release.xcconfig */ = {isa = PBXFileReference; fileEncoding = 4; lastKnownFileType = text.xcconfig; path = "Cocoa Application Release.xcconfig"; sourceTree = "<group>"; };
		28119BB40E233D7900A8EB5B /* Cocoa Application Shared.xcconfig */ = {isa = PBXFileReference; fileEncoding = 4; lastKnownFileType = text.xcconfig; path = "Cocoa Application Shared.xcconfig"; sourceTree = "<group>"; };
		28119BB50E233D7900A8EB5B /* Cocoa Test Suite Code Coverage.xcconfig */ = {isa = PBXFileReference; fileEncoding = 4; lastKnownFileType = text.xcconfig; path = "Cocoa Test Suite Code Coverage.xcconfig"; sourceTree = "<group>"; };
		28119BB60E233D7900A8EB5B /* Cocoa Test Suite Unit Tests.xcconfig */ = {isa = PBXFileReference; fileEncoding = 4; lastKnownFileType = text.xcconfig; path = "Cocoa Test Suite Unit Tests.xcconfig"; sourceTree = "<group>"; };
		28119BB70E233D7900A8EB5B /* Cocoa Test Suite.xcconfig */ = {isa = PBXFileReference; fileEncoding = 4; lastKnownFileType = text.xcconfig; path = "Cocoa Test Suite.xcconfig"; sourceTree = "<group>"; };
		28119BB80E233D7900A8EB5B /* Debug.xcconfig */ = {isa = PBXFileReference; fileEncoding = 4; lastKnownFileType = text.xcconfig; path = Debug.xcconfig; sourceTree = "<group>"; };
		28119BB90E233D7900A8EB5B /* Release.xcconfig */ = {isa = PBXFileReference; fileEncoding = 4; lastKnownFileType = text.xcconfig; path = Release.xcconfig; sourceTree = "<group>"; };
		282238FC0E235B64007A2705 /* RMMessage.h */ = {isa = PBXFileReference; fileEncoding = 4; lastKnownFileType = sourcecode.c.h; path = RMMessage.h; sourceTree = "<group>"; };
		282238FD0E235B64007A2705 /* RMMessage.mm */ = {isa = PBXFileReference; fileEncoding = 4; lastKnownFileType = sourcecode.cpp.objcpp; path = RMMessage.mm; sourceTree = "<group>"; };
		29B97324FDCFA39411CA2CEA /* AppKit.framework */ = {isa = PBXFileReference; lastKnownFileType = wrapper.framework; name = AppKit.framework; path = /System/Library/Frameworks/AppKit.framework; sourceTree = "<absolute>"; };
		29B97325FDCFA39411CA2CEA /* Foundation.framework */ = {isa = PBXFileReference; lastKnownFileType = wrapper.framework; name = Foundation.framework; path = /System/Library/Frameworks/Foundation.framework; sourceTree = "<absolute>"; };
		8D1107320486CEB800E47090 /* Faces.app */ = {isa = PBXFileReference; explicitFileType = wrapper.application; includeInIndex = 0; path = Faces.app; sourceTree = BUILT_PRODUCTS_DIR; };
/* End PBXFileReference section */

/* Begin PBXFrameworksBuildPhase section */
		8D11072E0486CEB800E47090 /* Frameworks */ = {
			isa = PBXFrameworksBuildPhase;
			buildActionMask = 2147483647;
			files = (
				8D11072F0486CEB800E47090 /* Cocoa.framework in Frameworks */,
				28119B570E233CC200A8EB5B /* OpenCV.framework in Frameworks */,
				28119BCB0E233EC600A8EB5B /* OpenCV.framework in Frameworks */,
			);
			runOnlyForDeploymentPostprocessing = 0;
		};
/* End PBXFrameworksBuildPhase section */

/* Begin PBXGroup section */
		1058C7A0FEA54F0111CA2CBB /* Linked Frameworks */ = {
			isa = PBXGroup;
			children = (
				1058C7A1FEA54F0111CA2CBB /* Cocoa.framework */,
				28119B560E233CC200A8EB5B /* OpenCV.framework */,
			);
			name = "Linked Frameworks";
			sourceTree = "<group>";
		};
		1058C7A2FEA54F0111CA2CBB /* Other Frameworks */ = {
			isa = PBXGroup;
			children = (
				29B97324FDCFA39411CA2CEA /* AppKit.framework */,
				13E42FB307B3F0F600E4EEF1 /* CoreData.framework */,
				29B97325FDCFA39411CA2CEA /* Foundation.framework */,
			);
			name = "Other Frameworks";
			sourceTree = "<group>";
		};
		19C28FACFE9D520D11CA2CBB /* Products */ = {
			isa = PBXGroup;
			children = (
				8D1107320486CEB800E47090 /* Faces.app */,
			);
			name = Products;
			sourceTree = "<group>";
		};
		28119B5C0E233CD700A8EB5B /* Classes */ = {
			isa = PBXGroup;
			children = (
				28119B600E233CD700A8EB5B /* Models */,
				28119B5D0E233CD700A8EB5B /* Controllers */,
				28119B650E233CD700A8EB5B /* Views */,
			);
			path = Classes;
			sourceTree = "<group>";
		};
		28119B5D0E233CD700A8EB5B /* Controllers */ = {
			isa = PBXGroup;
			children = (
				28119B5E0E233CD700A8EB5B /* JSMController.h */,
				28119B5F0E233CD700A8EB5B /* JSMController.m */,
			);
			path = Controllers;
			sourceTree = "<group>";
		};
		28119B600E233CD700A8EB5B /* Models */ = {
			isa = PBXGroup;
			children = (
				28119B610E233CD700A8EB5B /* NSBitmapImageRep+JSMFaces.h */,
				28119B620E233CD700A8EB5B /* NSBitmapImageRep+JSMFaces.m */,
				28119B630E233CD700A8EB5B /* NSImage+JSMFaces.h */,
				28119B640E233CD700A8EB5B /* NSImage+JSMFaces.m */,
			);
			path = Models;
			sourceTree = "<group>";
		};
		28119B650E233CD700A8EB5B /* Views */ = {
			isa = PBXGroup;
			children = (
			);
			path = Views;
			sourceTree = "<group>";
		};
		28119B660E233CD700A8EB5B /* Other Sources */ = {
			isa = PBXGroup;
			children = (
				28119B670E233CD700A8EB5B /* Faces_Prefix.pch */,
				28119B680E233CD700A8EB5B /* main.m */,
				282238FC0E235B64007A2705 /* RMMessage.h */,
				282238FD0E235B64007A2705 /* RMMessage.mm */,
			);
			path = "Other Sources";
			sourceTree = "<group>";
		};
		28119B690E233CD700A8EB5B /* Resources */ = {
			isa = PBXGroup;
			children = (
				28119B770E233CD700A8EB5B /* Info.plist */,
				28119B6A0E233CD700A8EB5B /* InfoPlist.strings */,
				28119B6C0E233CD700A8EB5B /* MainMenu.xib */,
				28119B6E0E233CD700A8EB5B /* Haar Cascades */,
			);
			path = Resources;
			sourceTree = "<group>";
		};
		28119B6E0E233CD700A8EB5B /* Haar Cascades */ = {
			isa = PBXGroup;
			children = (
				28119B6F0E233CD700A8EB5B /* haarcascade_frontalface_alt.xml */,
				28119B700E233CD700A8EB5B /* haarcascade_frontalface_alt2.xml */,
				28119B710E233CD700A8EB5B /* haarcascade_frontalface_alt_tree.xml */,
				28119B720E233CD700A8EB5B /* haarcascade_frontalface_default.xml */,
				28119B730E233CD700A8EB5B /* haarcascade_fullbody.xml */,
				28119B740E233CD700A8EB5B /* haarcascade_lowerbody.xml */,
				28119B750E233CD700A8EB5B /* haarcascade_profileface.xml */,
				28119B760E233CD700A8EB5B /* haarcascade_upperbody.xml */,
			);
			path = "Haar Cascades";
			sourceTree = "<group>";
		};
		28119BAF0E233D7900A8EB5B /* Common Build Configurations */ = {
			isa = PBXGroup;
			children = (
				28119BB00E233D7900A8EB5B /* 10_4 Shared.xcconfig */,
				28119BB10E233D7900A8EB5B /* 10_5 Shared.xcconfig */,
				28119BB80E233D7900A8EB5B /* Debug.xcconfig */,
				28119BB90E233D7900A8EB5B /* Release.xcconfig */,
				28119BB40E233D7900A8EB5B /* Cocoa Application Shared.xcconfig */,
				28119BB20E233D7900A8EB5B /* Cocoa Application Debug.xcconfig */,
				28119BB30E233D7900A8EB5B /* Cocoa Application Release.xcconfig */,
				28119BB70E233D7900A8EB5B /* Cocoa Test Suite.xcconfig */,
				28119BB50E233D7900A8EB5B /* Cocoa Test Suite Code Coverage.xcconfig */,
				28119BB60E233D7900A8EB5B /* Cocoa Test Suite Unit Tests.xcconfig */,
			);
			path = "Common Build Configurations";
			sourceTree = "<group>";
		};
		29B97314FDCFA39411CA2CEA /* Faces */ = {
			isa = PBXGroup;
			children = (
				28119BAF0E233D7900A8EB5B /* Common Build Configurations */,
				28119B5C0E233CD700A8EB5B /* Classes */,
				28119B660E233CD700A8EB5B /* Other Sources */,
				28119B690E233CD700A8EB5B /* Resources */,
				29B97323FDCFA39411CA2CEA /* Frameworks */,
				19C28FACFE9D520D11CA2CBB /* Products */,
			);
			name = Faces;
			sourceTree = "<group>";
		};
		29B97323FDCFA39411CA2CEA /* Frameworks */ = {
			isa = PBXGroup;
			children = (
				1058C7A0FEA54F0111CA2CBB /* Linked Frameworks */,
				1058C7A2FEA54F0111CA2CBB /* Other Frameworks */,
			);
			name = Frameworks;
			sourceTree = "<group>";
		};
/* End PBXGroup section */

/* Begin PBXNativeTarget section */
		8D1107260486CEB800E47090 /* Faces */ = {
			isa = PBXNativeTarget;
			buildConfigurationList = C01FCF4A08A954540054247B /* Build configuration list for PBXNativeTarget "Faces" */;
			buildPhases = (
				8D1107290486CEB800E47090 /* Resources */,
				288058A20E2273030060BD53 /* Copy Frameworks */,
				8D11072C0486CEB800E47090 /* Sources */,
				8D11072E0486CEB800E47090 /* Frameworks */,
			);
			buildRules = (
			);
			dependencies = (
			);
			name = Faces;
			productInstallPath = "$(HOME)/Applications";
			productName = Faces;
			productReference = 8D1107320486CEB800E47090 /* Faces.app */;
			productType = "com.apple.product-type.application";
		};
/* End PBXNativeTarget section */

/* Begin PBXProject section */
		29B97313FDCFA39411CA2CEA /* Project object */ = {
			isa = PBXProject;
			buildConfigurationList = C01FCF4E08A954540054247B /* Build configuration list for PBXProject "Faces" */;
			compatibilityVersion = "Xcode 3.1";
			hasScannedForEncodings = 1;
			knownRegions = (
				English,
				Japanese,
				French,
				German,
				en,
			);
			mainGroup = 29B97314FDCFA39411CA2CEA /* Faces */;
			projectDirPath = "";
			projectRoot = "";
			targets = (
				8D1107260486CEB800E47090 /* Faces */,
			);
		};
/* End PBXProject section */

/* Begin PBXResourcesBuildPhase section */
		8D1107290486CEB800E47090 /* Resources */ = {
			isa = PBXResourcesBuildPhase;
			buildActionMask = 2147483647;
			files = (
				28119B7C0E233CD700A8EB5B /* InfoPlist.strings in Resources */,
				28119B7D0E233CD700A8EB5B /* MainMenu.xib in Resources */,
				28119B7E0E233CD700A8EB5B /* haarcascade_frontalface_alt.xml in Resources */,
				28119B7F0E233CD700A8EB5B /* haarcascade_frontalface_alt2.xml in Resources */,
				28119B800E233CD700A8EB5B /* haarcascade_frontalface_alt_tree.xml in Resources */,
				28119B810E233CD700A8EB5B /* haarcascade_frontalface_default.xml in Resources */,
				28119B820E233CD700A8EB5B /* haarcascade_fullbody.xml in Resources */,
				28119B830E233CD700A8EB5B /* haarcascade_lowerbody.xml in Resources */,
				28119B840E233CD700A8EB5B /* haarcascade_profileface.xml in Resources */,
				28119B850E233CD700A8EB5B /* haarcascade_upperbody.xml in Resources */,
			);
			runOnlyForDeploymentPostprocessing = 0;
		};
/* End PBXResourcesBuildPhase section */

/* Begin PBXSourcesBuildPhase section */
		8D11072C0486CEB800E47090 /* Sources */ = {
			isa = PBXSourcesBuildPhase;
			buildActionMask = 2147483647;
			files = (
				28119B780E233CD700A8EB5B /* JSMController.m in Sources */,
				28119B790E233CD700A8EB5B /* NSBitmapImageRep+JSMFaces.m in Sources */,
				28119B7A0E233CD700A8EB5B /* NSImage+JSMFaces.m in Sources */,
				28119B7B0E233CD700A8EB5B /* main.m in Sources */,
				282238FE0E235B64007A2705 /* RMMessage.mm in Sources */,
			);
			runOnlyForDeploymentPostprocessing = 0;
		};
/* End PBXSourcesBuildPhase section */

/* Begin PBXVariantGroup section */
		28119B6A0E233CD700A8EB5B /* InfoPlist.strings */ = {
			isa = PBXVariantGroup;
			children = (
				28119B6B0E233CD700A8EB5B /* en */,
			);
			name = InfoPlist.strings;
			sourceTree = "<group>";
		};
		28119B6C0E233CD700A8EB5B /* MainMenu.xib */ = {
			isa = PBXVariantGroup;
			children = (
				28119B6D0E233CD700A8EB5B /* en */,
			);
			name = MainMenu.xib;
			sourceTree = "<group>";
		};
/* End PBXVariantGroup section */

/* Begin XCBuildConfiguration section */
		C01FCF4B08A954540054247B /* Debug */ = {
			isa = XCBuildConfiguration;
			baseConfigurationReference = 28119BB20E233D7900A8EB5B /* Cocoa Application Debug.xcconfig */;
			buildSettings = {
				BUNDLE_ID_PREFIX = com.jonathonmah.Faces;
				FRAMEWORK_SEARCH_PATHS = (
					"$(inherited)",
					"\"$(SRCROOT)/Frameworks\"",
				);
				GCC_ENABLE_OBJC_GC = required;
				GCC_PREFIX_HEADER = "Other Sources/Faces_Prefix.pch";
				INFOPLIST_FILE = Resources/Info.plist;
				PRODUCT_NAME = Faces;
			};
			name = Debug;
		};
		C01FCF4C08A954540054247B /* Release */ = {
			isa = XCBuildConfiguration;
			baseConfigurationReference = 28119BB30E233D7900A8EB5B /* Cocoa Application Release.xcconfig */;
			buildSettings = {
				BUNDLE_ID_PREFIX = com.jonathonmah.Faces;
				FRAMEWORK_SEARCH_PATHS = (
					"$(inherited)",
					"\"$(SRCROOT)/Frameworks\"",
				);
				GCC_ENABLE_OBJC_GC = required;
				GCC_PREFIX_HEADER = "Other Sources/Faces_Prefix.pch";
				INFOPLIST_FILE = Resources/Info.plist;
				PRODUCT_NAME = Faces;
			};
			name = Release;
		};
		C01FCF4F08A954540054247B /* Debug */ = {
			isa = XCBuildConfiguration;
			baseConfigurationReference = 28119BB80E233D7900A8EB5B /* Debug.xcconfig */;
			buildSettings = {
				CURRENT_MARKETING_VERSION = 1.0d;
				CURRENT_PROJECT_VERSION = 1;
			};
			name = Debug;
		};
		C01FCF5008A954540054247B /* Release */ = {
			isa = XCBuildConfiguration;
			baseConfigurationReference = 28119BB90E233D7900A8EB5B /* Release.xcconfig */;
			buildSettings = {
				CURRENT_MARKETING_VERSION = 1.0d;
				CURRENT_PROJECT_VERSION = 1;
			};
			name = Release;
		};
/* End XCBuildConfiguration section */

/* Begin XCConfigurationList section */
		C01FCF4A08A954540054247B /* Build configuration list for PBXNativeTarget "Faces" */ = {
			isa = XCConfigurationList;
			buildConfigurations = (
				C01FCF4B08A954540054247B /* Debug */,
				C01FCF4C08A954540054247B /* Release */,
			);
			defaultConfigurationIsVisible = 0;
			defaultConfigurationName = Release;
		};
		C01FCF4E08A954540054247B /* Build configuration list for PBXProject "Faces" */ = {
			isa = XCConfigurationList;
			buildConfigurations = (
				C01FCF4F08A954540054247B /* Debug */,
				C01FCF5008A954540054247B /* Release */,
			);
			defaultConfigurationIsVisible = 0;
			defaultConfigurationName = Release;
		};
/* End XCConfigurationList section */
	};
	rootObject = 29B97313FDCFA39411CA2CEA /* Project object */;
}
